
Microsoft Visual Studio Solution File, Format Version 12.00
# Visual Studio 15
VisualStudioVersion = 15.0.28307.102
MinimumVisualStudioVersion = 10.0.40219.1
Project("{FAE04EC0-301F-11D3-BF4B-00C04F79EFBC}") = "Helper", "Helper\Helper.csproj", "{DE6CA0F2-61F5-4608-AD42-9DA92E73BABF}"
EndProject
Global
	GlobalSection(SolutionConfigurationPlatforms) = preSolution
		Debug|Any CPU = Debug|Any CPU
		Release|Any CPU = Release|Any CPU
	EndGlobalSection
	GlobalSection(ProjectConfigurationPlatforms) = postSolution
		{DE6CA0F2-61F5-4608-AD42-9DA92E73BABF}.Debug|Any CPU.ActiveCfg = Debug|Any CPU
		{DE6CA0F2-61F5-4608-AD42-9DA92E73BABF}.Debug|Any CPU.Build.0 = Debug|Any CPU
		{DE6CA0F2-61F5-4608-AD42-9DA92E73BABF}.Release|Any CPU.ActiveCfg = Release|Any CPU
		{DE6CA0F2-61F5-4608-AD42-9DA92E73BABF}.Release|Any CPU.Build.0 = Release|Any CPU
	EndGlobalSection
	GlobalSection(SolutionProperties) = preSolution
		HideSolutionNode = FALSE
	EndGlobalSection
	GlobalSection(ExtensibilityGlobals) = postSolution
		SolutionGuid = {124DCCA3-A50E-43BA-A587-E5575A29A118}
	EndGlobalSection
EndGlobal
